
Microsoft Visual Studio Solution File, Format Version 10.00
# Visual C++ Express 2008
Project("{8BC9CEB8-8B4A-11D0-8D11-00A0C91BC942}") = "libstrophe", "libstrophe.vcproj", "{659E3B17-B1BF-4D3B-94E6-438F85EBC410}"
EndProject
Project("{8BC9CEB8-8B4A-11D0-8D11-00A0C91BC942}") = "active example", "active.vcproj", "{FB499990-F569-426A-9215-5B013D94B70C}"
	ProjectSection(ProjectDependencies) = postProject
		{659E3B17-B1BF-4D3B-94E6-438F85EBC410} = {659E3B17-B1BF-4D3B-94E6-438F85EBC410}
		{AAFBC1E9-6192-46AE-95BC-642DCB20D361} = {AAFBC1E9-6192-46AE-95BC-642DCB20D361}
	EndProjectSection
EndProject
Project("{8BC9CEB8-8B4A-11D0-8D11-00A0C91BC942}") = "basic example", "basic.vcproj", "{7BD355D0-941D-4630-B82F-1FB43A971440}"
	ProjectSection(ProjectDependencies) = postProject
		{659E3B17-B1BF-4D3B-94E6-438F85EBC410} = {659E3B17-B1BF-4D3B-94E6-438F85EBC410}
		{AAFBC1E9-6192-46AE-95BC-642DCB20D361} = {AAFBC1E9-6192-46AE-95BC-642DCB20D361}
	EndProjectSection
EndProject
Project("{8BC9CEB8-8B4A-11D0-8D11-00A0C91BC942}") = "bot example", "bot.vcproj", "{DEE25458-271F-4F9A-8979-C460C64B49C8}"
	ProjectSection(ProjectDependencies) = postProject
		{659E3B17-B1BF-4D3B-94E6-438F85EBC410} = {659E3B17-B1BF-4D3B-94E6-438F85EBC410}
		{AAFBC1E9-6192-46AE-95BC-642DCB20D361} = {AAFBC1E9-6192-46AE-95BC-642DCB20D361}
	EndProjectSection
EndProject
Project("{8BC9CEB8-8B4A-11D0-8D11-00A0C91BC942}") = "roster example", "roster.vcproj", "{5F6591E0-3FAD-45AE-80CF-A47C1F8BA2CC}"
	ProjectSection(ProjectDependencies) = postProject
		{659E3B17-B1BF-4D3B-94E6-438F85EBC410} = {659E3B17-B1BF-4D3B-94E6-438F85EBC410}
		{AAFBC1E9-6192-46AE-95BC-642DCB20D361} = {AAFBC1E9-6192-46AE-95BC-642DCB20D361}
	EndProjectSection
EndProject
Project("{8BC9CEB8-8B4A-11D0-8D11-00A0C91BC942}") = "expat", "expat.vcproj", "{AAFBC1E9-6192-46AE-95BC-642DCB20D361}"
EndProject
Global
	GlobalSection(SolutionConfigurationPlatforms) = preSolution
		Debug|Win32 = Debug|Win32
		Release|Win32 = Release|Win32
	EndGlobalSection
	GlobalSection(ProjectConfigurationPlatforms) = postSolution
		{659E3B17-B1BF-4D3B-94E6-438F85EBC410}.Debug|Win32.ActiveCfg = Debug|Win32
		{659E3B17-B1BF-4D3B-94E6-438F85EBC410}.Debug|Win32.Build.0 = Debug|Win32
		{659E3B17-B1BF-4D3B-94E6-438F85EBC410}.Release|Win32.ActiveCfg = Release|Win32
		{659E3B17-B1BF-4D3B-94E6-438F85EBC410}.Release|Win32.Build.0 = Release|Win32
		{FB499990-F569-426A-9215-5B013D94B70C}.Debug|Win32.ActiveCfg = Debug|Win32
		{FB499990-F569-426A-9215-5B013D94B70C}.Debug|Win32.Build.0 = Debug|Win32
		{FB499990-F569-426A-9215-5B013D94B70C}.Release|Win32.ActiveCfg = Release|Win32
		{FB499990-F569-426A-9215-5B013D94B70C}.Release|Win32.Build.0 = Release|Win32
		{7BD355D0-941D-4630-B82F-1FB43A971440}.Debug|Win32.ActiveCfg = Debug|Win32
		{7BD355D0-941D-4630-B82F-1FB43A971440}.Debug|Win32.Build.0 = Debug|Win32
		{7BD355D0-941D-4630-B82F-1FB43A971440}.Release|Win32.ActiveCfg = Release|Win32
		{7BD355D0-941D-4630-B82F-1FB43A971440}.Release|Win32.Build.0 = Release|Win32
		{DEE25458-271F-4F9A-8979-C460C64B49C8}.Debug|Win32.ActiveCfg = Debug|Win32
		{DEE25458-271F-4F9A-8979-C460C64B49C8}.Debug|Win32.Build.0 = Debug|Win32
		{DEE25458-271F-4F9A-8979-C460C64B49C8}.Release|Win32.ActiveCfg = Release|Win32
		{DEE25458-271F-4F9A-8979-C460C64B49C8}.Release|Win32.Build.0 = Release|Win32
		{5F6591E0-3FAD-45AE-80CF-A47C1F8BA2CC}.Debug|Win32.ActiveCfg = Debug|Win32
		{5F6591E0-3FAD-45AE-80CF-A47C1F8BA2CC}.Debug|Win32.Build.0 = Debug|Win32
		{5F6591E0-3FAD-45AE-80CF-A47C1F8BA2CC}.Release|Win32.ActiveCfg = Release|Win32
		{5F6591E0-3FAD-45AE-80CF-A47C1F8BA2CC}.Release|Win32.Build.0 = Release|Win32
		{AAFBC1E9-6192-46AE-95BC-642DCB20D361}.Debug|Win32.ActiveCfg = Debug|Win32
		{AAFBC1E9-6192-46AE-95BC-642DCB20D361}.Debug|Win32.Build.0 = Debug|Win32
		{AAFBC1E9-6192-46AE-95BC-642DCB20D361}.Release|Win32.ActiveCfg = Release|Win32
		{AAFBC1E9-6192-46AE-95BC-642DCB20D361}.Release|Win32.Build.0 = Release|Win32
	EndGlobalSection
	GlobalSection(SolutionProperties) = preSolution
		HideSolutionNode = FALSE
	EndGlobalSection
EndGlobal
